# This file is automatically @generated by Cargo.
# It is not intended for manual editing.
version = 3

[[package]]
name = "bytemuck"
version = "1.7.2"
source = "registry+https://github.com/rust-lang/crates.io-index"
checksum = "72957246c41db82b8ef88a5486143830adeb8227ef9837740bdec67724cf2c5b"

[[package]]
name = "camera"
version = "0.1.0"
dependencies = [
 "mint",
 "ultraviolet",
]

[[package]]
name = "mint"
version = "0.5.6"
source = "registry+https://github.com/rust-lang/crates.io-index"
checksum = "519df8d6856dcd4b40519947737b408f81be051fc032590659cae5d77d664185"

[[package]]
name = "safe_arch"
version = "0.5.2"
source = "registry+https://github.com/rust-lang/crates.io-index"
checksum = "c1ff3d6d9696af502cc3110dacce942840fb06ff4514cad92236ecc455f2ce05"
dependencies = [
 "bytemuck",
]

[[package]]
name = "ultraviolet"
version = "0.8.1"
source = "registry+https://github.com/rust-lang/crates.io-index"
checksum = "16b9e3507eba17043af05c8a72fce3ec2c24b58945f45732e71dbc6646d904a7"
dependencies = [
 "mint",
 "wide",
]

[[package]]
name = "wide"
version = "0.6.5"
source = "registry+https://github.com/rust-lang/crates.io-index"
checksum = "46bbe7c604a27ca0b05c5503221e76da628225b568e6f1280b42dbad3b72d89b"
dependencies = [
 "bytemuck",
 "safe_arch",
]
